
Microsoft Visual Studio Solution File, Format Version 12.00
# Visual Studio 2013
VisualStudioVersion = 12.0.31101.0
MinimumVisualStudioVersion = 10.0.40219.1
Project("{FAE04EC0-301F-11D3-BF4B-00C04F79EFBC}") = "GrubGroup.Web", "GrubGroup.Web\GrubGroup.Web.csproj", "{C35C23E4-D1DB-4AD7-AEC2-A79C39078E18}"
EndProject
Project("{FAE04EC0-301F-11D3-BF4B-00C04F79EFBC}") = "GroupGroup.API", "GroupGroup.API\GroupGroup.API.csproj", "{EB5AACE1-AADD-4888-88F0-8441A4BFEA17}"
EndProject
Project("{FAE04EC0-301F-11D3-BF4B-00C04F79EFBC}") = "GrubGroup.Domain", "GrubGroup.Domain\GrubGroup.Domain.csproj", "{AEE2DB03-4E64-45E2-BD73-28031CD77E11}"
EndProject
Project("{FAE04EC0-301F-11D3-BF4B-00C04F79EFBC}") = "GrubGroup.Infrastructure", "GrubGroup.Infrastructure\GrubGroup.Infrastructure.csproj", "{2E7E271D-B7D7-4E0D-A1A9-7C7B9A149141}"
EndProject
Project("{2150E333-8FDC-42A3-9474-1A3956D46DE8}") = ".nuget", ".nuget", "{B58392D8-1355-45EA-8FE2-19817BAD82C8}"
	ProjectSection(SolutionItems) = preProject
		.nuget\NuGet.Config = .nuget\NuGet.Config
		.nuget\NuGet.exe = .nuget\NuGet.exe
		.nuget\NuGet.targets = .nuget\NuGet.targets
	EndProjectSection
EndProject
Global
	GlobalSection(SolutionConfigurationPlatforms) = preSolution
		Debug|Any CPU = Debug|Any CPU
		Release|Any CPU = Release|Any CPU
	EndGlobalSection
	GlobalSection(ProjectConfigurationPlatforms) = postSolution
		{C35C23E4-D1DB-4AD7-AEC2-A79C39078E18}.Debug|Any CPU.ActiveCfg = Debug|Any CPU
		{C35C23E4-D1DB-4AD7-AEC2-A79C39078E18}.Debug|Any CPU.Build.0 = Debug|Any CPU
		{C35C23E4-D1DB-4AD7-AEC2-A79C39078E18}.Release|Any CPU.ActiveCfg = Release|Any CPU
		{C35C23E4-D1DB-4AD7-AEC2-A79C39078E18}.Release|Any CPU.Build.0 = Release|Any CPU
		{EB5AACE1-AADD-4888-88F0-8441A4BFEA17}.Debug|Any CPU.ActiveCfg = Debug|Any CPU
		{EB5AACE1-AADD-4888-88F0-8441A4BFEA17}.Debug|Any CPU.Build.0 = Debug|Any CPU
		{EB5AACE1-AADD-4888-88F0-8441A4BFEA17}.Release|Any CPU.ActiveCfg = Release|Any CPU
		{EB5AACE1-AADD-4888-88F0-8441A4BFEA17}.Release|Any CPU.Build.0 = Release|Any CPU
		{AEE2DB03-4E64-45E2-BD73-28031CD77E11}.Debug|Any CPU.ActiveCfg = Debug|Any CPU
		{AEE2DB03-4E64-45E2-BD73-28031CD77E11}.Debug|Any CPU.Build.0 = Debug|Any CPU
		{AEE2DB03-4E64-45E2-BD73-28031CD77E11}.Release|Any CPU.ActiveCfg = Release|Any CPU
		{AEE2DB03-4E64-45E2-BD73-28031CD77E11}.Release|Any CPU.Build.0 = Release|Any CPU
		{2E7E271D-B7D7-4E0D-A1A9-7C7B9A149141}.Debug|Any CPU.ActiveCfg = Debug|Any CPU
		{2E7E271D-B7D7-4E0D-A1A9-7C7B9A149141}.Debug|Any CPU.Build.0 = Debug|Any CPU
		{2E7E271D-B7D7-4E0D-A1A9-7C7B9A149141}.Release|Any CPU.ActiveCfg = Release|Any CPU
		{2E7E271D-B7D7-4E0D-A1A9-7C7B9A149141}.Release|Any CPU.Build.0 = Release|Any CPU
	EndGlobalSection
	GlobalSection(SolutionProperties) = preSolution
		HideSolutionNode = FALSE
	EndGlobalSection
EndGlobal
